// !$*UTF8*$!
{
	archiveVersion = 1;
	classes = {
	};
	objectVersion = 56;
	objects = {

/* Begin PBXBuildFile section */
		A3BDB9882B6C2B1200EE63B0 /* SidePanelApp.swift in Sources */ = {isa = PBXBuildFile; fileRef = A3BDB9872B6C2B1200EE63B0 /* SidePanelApp.swift */; };
		A3BDB98A2B6C2B1200EE63B0 /* ContentView.swift in Sources */ = {isa = PBXBuildFile; fileRef = A3BDB9892B6C2B1200EE63B0 /* ContentView.swift */; };
		A3BDB98C2B6C2B1300EE63B0 /* Assets.xcassets in Resources */ = {isa = PBXBuildFile; fileRef = A3BDB98B2B6C2B1300EE63B0 /* Assets.xcassets */; };
		A3BDB98F2B6C2B1300EE63B0 /* Preview Assets.xcassets in Resources */ = {isa = PBXBuildFile; fileRef = A3BDB98E2B6C2B1300EE63B0 /* Preview Assets.xcassets */; };
		A3BDB9972B6C2B3F00EE63B0 /* MainViews.swift in Sources */ = {isa = PBXBuildFile; fileRef = A3BDB9962B6C2B3F00EE63B0 /* MainViews.swift */; };
		A3BDB99C2B6C2BC200EE63B0 /* SideMenu.swift in Sources */ = {isa = PBXBuildFile; fileRef = A3BDB99B2B6C2BC200EE63B0 /* SideMenu.swift */; };
		A3BDB9A12B6C2C0500EE63B0 /* HomeView.swift in Sources */ = {isa = PBXBuildFile; fileRef = A3BDB99D2B6C2C0500EE63B0 /* HomeView.swift */; };
		A3BDB9A22B6C2C0500EE63B0 /* CartView.swift in Sources */ = {isa = PBXBuildFile; fileRef = A3BDB99E2B6C2C0500EE63B0 /* CartView.swift */; };
		A3BDB9A32B6C2C0500EE63B0 /* FavoritesView.swift in Sources */ = {isa = PBXBuildFile; fileRef = A3BDB99F2B6C2C0500EE63B0 /* FavoritesView.swift */; };
		A3BDB9A42B6C2C0500EE63B0 /* OrdersView.swift in Sources */ = {isa = PBXBuildFile; fileRef = A3BDB9A02B6C2C0500EE63B0 /* OrdersView.swift */; };
		A3BDB9A82B6C2E7600EE63B0 /* Simulator Screenshot - iPhone 15 Pro - 2024-02-01 at 22.53.59.png in Resources */ = {isa = PBXBuildFile; fileRef = A3BDB9A62B6C2E7600EE63B0 /* Simulator Screenshot - iPhone 15 Pro - 2024-02-01 at 22.53.59.png */; };
		A3BDB9A92B6C2E7600EE63B0 /* Simulator Screenshot - iPhone 15 Pro - 2024-02-01 at 22.54.06.png in Resources */ = {isa = PBXBuildFile; fileRef = A3BDB9A72B6C2E7600EE63B0 /* Simulator Screenshot - iPhone 15 Pro - 2024-02-01 at 22.54.06.png */; };
/* End PBXBuildFile section */

/* Begin PBXFileReference section */
		A3BDB9842B6C2B1200EE63B0 /* SidePanel.app */ = {isa = PBXFileReference; explicitFileType = wrapper.application; includeInIndex = 0; path = SidePanel.app; sourceTree = BUILT_PRODUCTS_DIR; };
		A3BDB9872B6C2B1200EE63B0 /* SidePanelApp.swift */ = {isa = PBXFileReference; lastKnownFileType = sourcecode.swift; path = SidePanelApp.swift; sourceTree = "<group>"; };
		A3BDB9892B6C2B1200EE63B0 /* ContentView.swift */ = {isa = PBXFileReference; lastKnownFileType = sourcecode.swift; path = ContentView.swift; sourceTree = "<group>"; };
		A3BDB98B2B6C2B1300EE63B0 /* Assets.xcassets */ = {isa = PBXFileReference; lastKnownFileType = folder.assetcatalog; path = Assets.xcassets; sourceTree = "<group>"; };
		A3BDB98E2B6C2B1300EE63B0 /* Preview Assets.xcassets */ = {isa = PBXFileReference; lastKnownFileType = folder.assetcatalog; path = "Preview Assets.xcassets"; sourceTree = "<group>"; };
		A3BDB9962B6C2B3F00EE63B0 /* MainViews.swift */ = {isa = PBXFileReference; lastKnownFileType = sourcecode.swift; path = MainViews.swift; sourceTree = "<group>"; };
		A3BDB99B2B6C2BC200EE63B0 /* SideMenu.swift */ = {isa = PBXFileReference; lastKnownFileType = sourcecode.swift; path = SideMenu.swift; sourceTree = "<group>"; };
		A3BDB99D2B6C2C0500EE63B0 /* HomeView.swift */ = {isa = PBXFileReference; fileEncoding = 4; lastKnownFileType = sourcecode.swift; path = HomeView.swift; sourceTree = "<group>"; };
		A3BDB99E2B6C2C0500EE63B0 /* CartView.swift */ = {isa = PBXFileReference; fileEncoding = 4; lastKnownFileType = sourcecode.swift; path = CartView.swift; sourceTree = "<group>"; };
		A3BDB99F2B6C2C0500EE63B0 /* FavoritesView.swift */ = {isa = PBXFileReference; fileEncoding = 4; lastKnownFileType = sourcecode.swift; path = FavoritesView.swift; sourceTree = "<group>"; };
		A3BDB9A02B6C2C0500EE63B0 /* OrdersView.swift */ = {isa = PBXFileReference; fileEncoding = 4; lastKnownFileType = sourcecode.swift; path = OrdersView.swift; sourceTree = "<group>"; };
		A3BDB9A62B6C2E7600EE63B0 /* Simulator Screenshot - iPhone 15 Pro - 2024-02-01 at 22.53.59.png */ = {isa = PBXFileReference; lastKnownFileType = image.png; path = "Simulator Screenshot - iPhone 15 Pro - 2024-02-01 at 22.53.59.png"; sourceTree = "<group>"; };
		A3BDB9A72B6C2E7600EE63B0 /* Simulator Screenshot - iPhone 15 Pro - 2024-02-01 at 22.54.06.png */ = {isa = PBXFileReference; lastKnownFileType = image.png; path = "Simulator Screenshot - iPhone 15 Pro - 2024-02-01 at 22.54.06.png"; sourceTree = "<group>"; };
/* End PBXFileReference section */

/* Begin PBXFrameworksBuildPhase section */
		A3BDB9812B6C2B1200EE63B0 /* Frameworks */ = {
			isa = PBXFrameworksBuildPhase;
			buildActionMask = 2147483647;
			files = (
			);
			runOnlyForDeploymentPostprocessing = 0;
		};
/* End PBXFrameworksBuildPhase section */

/* Begin PBXGroup section */
		A3BDB97B2B6C2B1200EE63B0 = {
			isa = PBXGroup;
			children = (
				A3BDB9A52B6C2E6800EE63B0 /* github-images */,
				A3BDB9862B6C2B1200EE63B0 /* SidePanel */,
				A3BDB9852B6C2B1200EE63B0 /* Products */,
			);
			sourceTree = "<group>";
		};
		A3BDB9852B6C2B1200EE63B0 /* Products */ = {
			isa = PBXGroup;
			children = (
				A3BDB9842B6C2B1200EE63B0 /* SidePanel.app */,
			);
			name = Products;
			sourceTree = "<group>";
		};
		A3BDB9862B6C2B1200EE63B0 /* SidePanel */ = {
			isa = PBXGroup;
			children = (
				A3BDB98B2B6C2B1300EE63B0 /* Assets.xcassets */,
				A3BDB9982B6C2B6200EE63B0 /* App */,
				A3BDB9992B6C2B6800EE63B0 /* Components */,
				A3BDB9952B6C2B2B00EE63B0 /* Models */,
				A3BDB98D2B6C2B1300EE63B0 /* Preview Content */,
				A3BDB99A2B6C2B7100EE63B0 /* Views */,
			);
			path = SidePanel;
			sourceTree = "<group>";
		};
		A3BDB98D2B6C2B1300EE63B0 /* Preview Content */ = {
			isa = PBXGroup;
			children = (
				A3BDB98E2B6C2B1300EE63B0 /* Preview Assets.xcassets */,
			);
			path = "Preview Content";
			sourceTree = "<group>";
		};
		A3BDB9952B6C2B2B00EE63B0 /* Models */ = {
			isa = PBXGroup;
			children = (
				A3BDB9962B6C2B3F00EE63B0 /* MainViews.swift */,
			);
			path = Models;
			sourceTree = "<group>";
		};
		A3BDB9982B6C2B6200EE63B0 /* App */ = {
			isa = PBXGroup;
			children = (
				A3BDB9892B6C2B1200EE63B0 /* ContentView.swift */,
				A3BDB9872B6C2B1200EE63B0 /* SidePanelApp.swift */,
			);
			path = App;
			sourceTree = "<group>";
		};
		A3BDB9992B6C2B6800EE63B0 /* Components */ = {
			isa = PBXGroup;
			children = (
				A3BDB99B2B6C2BC200EE63B0 /* SideMenu.swift */,
			);
			path = Components;
			sourceTree = "<group>";
		};
		A3BDB99A2B6C2B7100EE63B0 /* Views */ = {
			isa = PBXGroup;
			children = (
				A3BDB99E2B6C2C0500EE63B0 /* CartView.swift */,
				A3BDB99F2B6C2C0500EE63B0 /* FavoritesView.swift */,
				A3BDB99D2B6C2C0500EE63B0 /* HomeView.swift */,
				A3BDB9A02B6C2C0500EE63B0 /* OrdersView.swift */,
			);
			path = Views;
			sourceTree = "<group>";
		};
		A3BDB9A52B6C2E6800EE63B0 /* github-images */ = {
			isa = PBXGroup;
			children = (
				A3BDB9A62B6C2E7600EE63B0 /* Simulator Screenshot - iPhone 15 Pro - 2024-02-01 at 22.53.59.png */,
				A3BDB9A72B6C2E7600EE63B0 /* Simulator Screenshot - iPhone 15 Pro - 2024-02-01 at 22.54.06.png */,
			);
			path = "github-images";
			sourceTree = "<group>";
		};
/* End PBXGroup section */

/* Begin PBXNativeTarget section */
		A3BDB9832B6C2B1200EE63B0 /* SidePanel */ = {
			isa = PBXNativeTarget;
			buildConfigurationList = A3BDB9922B6C2B1300EE63B0 /* Build configuration list for PBXNativeTarget "SidePanel" */;
			buildPhases = (
				A3BDB9802B6C2B1200EE63B0 /* Sources */,
				A3BDB9812B6C2B1200EE63B0 /* Frameworks */,
				A3BDB9822B6C2B1200EE63B0 /* Resources */,
			);
			buildRules = (
			);
			dependencies = (
			);
			name = SidePanel;
			productName = SidePanel;
			productReference = A3BDB9842B6C2B1200EE63B0 /* SidePanel.app */;
			productType = "com.apple.product-type.application";
		};
/* End PBXNativeTarget section */

/* Begin PBXProject section */
		A3BDB97C2B6C2B1200EE63B0 /* Project object */ = {
			isa = PBXProject;
			attributes = {
				BuildIndependentTargetsInParallel = 1;
				LastSwiftUpdateCheck = 1520;
				LastUpgradeCheck = 1520;
				TargetAttributes = {
					A3BDB9832B6C2B1200EE63B0 = {
						CreatedOnToolsVersion = 15.2;
					};
				};
			};
			buildConfigurationList = A3BDB97F2B6C2B1200EE63B0 /* Build configuration list for PBXProject "SidePanel" */;
			compatibilityVersion = "Xcode 14.0";
			developmentRegion = en;
			hasScannedForEncodings = 0;
			knownRegions = (
				en,
				Base,
			);
			mainGroup = A3BDB97B2B6C2B1200EE63B0;
			productRefGroup = A3BDB9852B6C2B1200EE63B0 /* Products */;
			projectDirPath = "";
			projectRoot = "";
			targets = (
				A3BDB9832B6C2B1200EE63B0 /* SidePanel */,
			);
		};
/* End PBXProject section */

/* Begin PBXResourcesBuildPhase section */
		A3BDB9822B6C2B1200EE63B0 /* Resources */ = {
			isa = PBXResourcesBuildPhase;
			buildActionMask = 2147483647;
			files = (
				A3BDB98F2B6C2B1300EE63B0 /* Preview Assets.xcassets in Resources */,
				A3BDB9A92B6C2E7600EE63B0 /* Simulator Screenshot - iPhone 15 Pro - 2024-02-01 at 22.54.06.png in Resources */,
				A3BDB9A82B6C2E7600EE63B0 /* Simulator Screenshot - iPhone 15 Pro - 2024-02-01 at 22.53.59.png in Resources */,
				A3BDB98C2B6C2B1300EE63B0 /* Assets.xcassets in Resources */,
			);
			runOnlyForDeploymentPostprocessing = 0;
		};
/* End PBXResourcesBuildPhase section */

/* Begin PBXSourcesBuildPhase section */
		A3BDB9802B6C2B1200EE63B0 /* Sources */ = {
			isa = PBXSourcesBuildPhase;
			buildActionMask = 2147483647;
			files = (
				A3BDB9A22B6C2C0500EE63B0 /* CartView.swift in Sources */,
				A3BDB98A2B6C2B1200EE63B0 /* ContentView.swift in Sources */,
				A3BDB9882B6C2B1200EE63B0 /* SidePanelApp.swift in Sources */,
				A3BDB9972B6C2B3F00EE63B0 /* MainViews.swift in Sources */,
				A3BDB9A32B6C2C0500EE63B0 /* FavoritesView.swift in Sources */,
				A3BDB9A42B6C2C0500EE63B0 /* OrdersView.swift in Sources */,
				A3BDB9A12B6C2C0500EE63B0 /* HomeView.swift in Sources */,
				A3BDB99C2B6C2BC200EE63B0 /* SideMenu.swift in Sources */,
			);
			runOnlyForDeploymentPostprocessing = 0;
		};
/* End PBXSourcesBuildPhase section */

/* Begin XCBuildConfiguration section */
		A3BDB9902B6C2B1300EE63B0 /* Debug */ = {
			isa = XCBuildConfiguration;
			buildSettings = {
				ALWAYS_SEARCH_USER_PATHS = NO;
				ASSETCATALOG_COMPILER_GENERATE_SWIFT_ASSET_SYMBOL_EXTENSIONS = YES;
				CLANG_ANALYZER_NONNULL = YES;
				CLANG_ANALYZER_NUMBER_OBJECT_CONVERSION = YES_AGGRESSIVE;
				CLANG_CXX_LANGUAGE_STANDARD = "gnu++20";
				CLANG_ENABLE_MODULES = YES;
				CLANG_ENABLE_OBJC_ARC = YES;
				CLANG_ENABLE_OBJC_WEAK = YES;
				CLANG_WARN_BLOCK_CAPTURE_AUTORELEASING = YES;
				CLANG_WARN_BOOL_CONVERSION = YES;
				CLANG_WARN_COMMA = YES;
				CLANG_WARN_CONSTANT_CONVERSION = YES;
				CLANG_WARN_DEPRECATED_OBJC_IMPLEMENTATIONS = YES;
				CLANG_WARN_DIRECT_OBJC_ISA_USAGE = YES_ERROR;
				CLANG_WARN_DOCUMENTATION_COMMENTS = YES;
				CLANG_WARN_EMPTY_BODY = YES;
				CLANG_WARN_ENUM_CONVERSION = YES;
				CLANG_WARN_INFINITE_RECURSION = YES;
				CLANG_WARN_INT_CONVERSION = YES;
				CLANG_WARN_NON_LITERAL_NULL_CONVERSION = YES;
				CLANG_WARN_OBJC_IMPLICIT_RETAIN_SELF = YES;
				CLANG_WARN_OBJC_LITERAL_CONVERSION = YES;
				CLANG_WARN_OBJC_ROOT_CLASS = YES_ERROR;
				CLANG_WARN_QUOTED_INCLUDE_IN_FRAMEWORK_HEADER = YES;
				CLANG_WARN_RANGE_LOOP_ANALYSIS = YES;
				CLANG_WARN_STRICT_PROTOTYPES = YES;
				CLANG_WARN_SUSPICIOUS_MOVE = YES;
				CLANG_WARN_UNGUARDED_AVAILABILITY = YES_AGGRESSIVE;
				CLANG_WARN_UNREACHABLE_CODE = YES;
				CLANG_WARN__DUPLICATE_METHOD_MATCH = YES;
				COPY_PHASE_STRIP = NO;
				DEBUG_INFORMATION_FORMAT = dwarf;
				ENABLE_STRICT_OBJC_MSGSEND = YES;
				ENABLE_TESTABILITY = YES;
				ENABLE_USER_SCRIPT_SANDBOXING = YES;
				GCC_C_LANGUAGE_STANDARD = gnu17;
				GCC_DYNAMIC_NO_PIC = NO;
				GCC_NO_COMMON_BLOCKS = YES;
				GCC_OPTIMIZATION_LEVEL = 0;
				GCC_PREPROCESSOR_DEFINITIONS = (
					"DEBUG=1",
					"$(inherited)",
				);
				GCC_WARN_64_TO_32_BIT_CONVERSION = YES;
				GCC_WARN_ABOUT_RETURN_TYPE = YES_ERROR;
				GCC_WARN_UNDECLARED_SELECTOR = YES;
				GCC_WARN_UNINITIALIZED_AUTOS = YES_AGGRESSIVE;
				GCC_WARN_UNUSED_FUNCTION = YES;
				GCC_WARN_UNUSED_VARIABLE = YES;
				IPHONEOS_DEPLOYMENT_TARGET = 17.2;
				LOCALIZATION_PREFERS_STRING_CATALOGS = YES;
				MTL_ENABLE_DEBUG_INFO = INCLUDE_SOURCE;
				MTL_FAST_MATH = YES;
				ONLY_ACTIVE_ARCH = YES;
				SDKROOT = iphoneos;
				SWIFT_ACTIVE_COMPILATION_CONDITIONS = "DEBUG $(inherited)";
				SWIFT_OPTIMIZATION_LEVEL = "-Onone";
			};
			name = Debug;
		};
		A3BDB9912B6C2B1300EE63B0 /* Release */ = {
			isa = XCBuildConfiguration;
			buildSettings = {
				ALWAYS_SEARCH_USER_PATHS = NO;
				ASSETCATALOG_COMPILER_GENERATE_SWIFT_ASSET_SYMBOL_EXTENSIONS = YES;
				CLANG_ANALYZER_NONNULL = YES;
				CLANG_ANALYZER_NUMBER_OBJECT_CONVERSION = YES_AGGRESSIVE;
				CLANG_CXX_LANGUAGE_STANDARD = "gnu++20";
				CLANG_ENABLE_MODULES = YES;
				CLANG_ENABLE_OBJC_ARC = YES;
				CLANG_ENABLE_OBJC_WEAK = YES;
				CLANG_WARN_BLOCK_CAPTURE_AUTORELEASING = YES;
				CLANG_WARN_BOOL_CONVERSION = YES;
				CLANG_WARN_COMMA = YES;
				CLANG_WARN_CONSTANT_CONVERSION = YES;
				CLANG_WARN_DEPRECATED_OBJC_IMPLEMENTATIONS = YES;
				CLANG_WARN_DIRECT_OBJC_ISA_USAGE = YES_ERROR;
				CLANG_WARN_DOCUMENTATION_COMMENTS = YES;
				CLANG_WARN_EMPTY_BODY = YES;
				CLANG_WARN_ENUM_CONVERSION = YES;
				CLANG_WARN_INFINITE_RECURSION = YES;
				CLANG_WARN_INT_CONVERSION = YES;
				CLANG_WARN_NON_LITERAL_NULL_CONVERSION = YES;
				CLANG_WARN_OBJC_IMPLICIT_RETAIN_SELF = YES;
				CLANG_WARN_OBJC_LITERAL_CONVERSION = YES;
				CLANG_WARN_OBJC_ROOT_CLASS = YES_ERROR;
				CLANG_WARN_QUOTED_INCLUDE_IN_FRAMEWORK_HEADER = YES;
				CLANG_WARN_RANGE_LOOP_ANALYSIS = YES;
				CLANG_WARN_STRICT_PROTOTYPES = YES;
				CLANG_WARN_SUSPICIOUS_MOVE = YES;
				CLANG_WARN_UNGUARDED_AVAILABILITY = YES_AGGRESSIVE;
				CLANG_WARN_UNREACHABLE_CODE = YES;
				CLANG_WARN__DUPLICATE_METHOD_MATCH = YES;
				COPY_PHASE_STRIP = NO;
				DEBUG_INFORMATION_FORMAT = "dwarf-with-dsym";
				ENABLE_NS_ASSERTIONS = NO;
				ENABLE_STRICT_OBJC_MSGSEND = YES;
				ENABLE_USER_SCRIPT_SANDBOXING = YES;
				GCC_C_LANGUAGE_STANDARD = gnu17;
				GCC_NO_COMMON_BLOCKS = YES;
				GCC_WARN_64_TO_32_BIT_CONVERSION = YES;
				GCC_WARN_ABOUT_RETURN_TYPE = YES_ERROR;
				GCC_WARN_UNDECLARED_SELECTOR = YES;
				GCC_WARN_UNINITIALIZED_AUTOS = YES_AGGRESSIVE;
				GCC_WARN_UNUSED_FUNCTION = YES;
				GCC_WARN_UNUSED_VARIABLE = YES;
				IPHONEOS_DEPLOYMENT_TARGET = 17.2;
				LOCALIZATION_PREFERS_STRING_CATALOGS = YES;
				MTL_ENABLE_DEBUG_INFO = NO;
				MTL_FAST_MATH = YES;
				SDKROOT = iphoneos;
				SWIFT_COMPILATION_MODE = wholemodule;
				VALIDATE_PRODUCT = YES;
			};
			name = Release;
		};
		A3BDB9932B6C2B1300EE63B0 /* Debug */ = {
			isa = XCBuildConfiguration;
			buildSettings = {
				ASSETCATALOG_COMPILER_APPICON_NAME = AppIcon;
				ASSETCATALOG_COMPILER_GLOBAL_ACCENT_COLOR_NAME = AccentColor;
				CODE_SIGN_STYLE = Automatic;
				CURRENT_PROJECT_VERSION = 1;
				DEVELOPMENT_ASSET_PATHS = "\"SidePanel/Preview Content\"";
				DEVELOPMENT_TEAM = NF5X2BH93G;
				ENABLE_PREVIEWS = YES;
				GENERATE_INFOPLIST_FILE = YES;
				INFOPLIST_KEY_UIApplicationSceneManifest_Generation = YES;
				INFOPLIST_KEY_UIApplicationSupportsIndirectInputEvents = YES;
				INFOPLIST_KEY_UILaunchScreen_Generation = YES;
				INFOPLIST_KEY_UISupportedInterfaceOrientations_iPad = "UIInterfaceOrientationPortrait UIInterfaceOrientationPortraitUpsideDown UIInterfaceOrientationLandscapeLeft UIInterfaceOrientationLandscapeRight";
				INFOPLIST_KEY_UISupportedInterfaceOrientations_iPhone = "UIInterfaceOrientationPortrait UIInterfaceOrientationLandscapeLeft UIInterfaceOrientationLandscapeRight";
				LD_RUNPATH_SEARCH_PATHS = (
					"$(inherited)",
					"@executable_path/Frameworks",
				);
				MARKETING_VERSION = 1.0;
				PRODUCT_BUNDLE_IDENTIFIER = ru.yanmoroz.SidePanel;
				PRODUCT_NAME = "$(TARGET_NAME)";
				SWIFT_EMIT_LOC_STRINGS = YES;
				SWIFT_VERSION = 5.0;
				TARGETED_DEVICE_FAMILY = "1,2";
			};
			name = Debug;
		};
		A3BDB9942B6C2B1300EE63B0 /* Release */ = {
			isa = XCBuildConfiguration;
			buildSettings = {
				ASSETCATALOG_COMPILER_APPICON_NAME = AppIcon;
				ASSETCATALOG_COMPILER_GLOBAL_ACCENT_COLOR_NAME = AccentColor;
				CODE_SIGN_STYLE = Automatic;
				CURRENT_PROJECT_VERSION = 1;
				DEVELOPMENT_ASSET_PATHS = "\"SidePanel/Preview Content\"";
				DEVELOPMENT_TEAM = NF5X2BH93G;
				ENABLE_PREVIEWS = YES;
				GENERATE_INFOPLIST_FILE = YES;
				INFOPLIST_KEY_UIApplicationSceneManifest_Generation = YES;
				INFOPLIST_KEY_UIApplicationSupportsIndirectInputEvents = YES;
				INFOPLIST_KEY_UILaunchScreen_Generation = YES;
				INFOPLIST_KEY_UISupportedInterfaceOrientations_iPad = "UIInterfaceOrientationPortrait UIInterfaceOrientationPortraitUpsideDown UIInterfaceOrientationLandscapeLeft UIInterfaceOrientationLandscapeRight";
				INFOPLIST_KEY_UISupportedInterfaceOrientations_iPhone = "UIInterfaceOrientationPortrait UIInterfaceOrientationLandscapeLeft UIInterfaceOrientationLandscapeRight";
				LD_RUNPATH_SEARCH_PATHS = (
					"$(inherited)",
					"@executable_path/Frameworks",
				);
				MARKETING_VERSION = 1.0;
				PRODUCT_BUNDLE_IDENTIFIER = ru.yanmoroz.SidePanel;
				PRODUCT_NAME = "$(TARGET_NAME)";
				SWIFT_EMIT_LOC_STRINGS = YES;
				SWIFT_VERSION = 5.0;
				TARGETED_DEVICE_FAMILY = "1,2";
			};
			name = Release;
		};
/* End XCBuildConfiguration section */

/* Begin XCConfigurationList section */
		A3BDB97F2B6C2B1200EE63B0 /* Build configuration list for PBXProject "SidePanel" */ = {
			isa = XCConfigurationList;
			buildConfigurations = (
				A3BDB9902B6C2B1300EE63B0 /* Debug */,
				A3BDB9912B6C2B1300EE63B0 /* Release */,
			);
			defaultConfigurationIsVisible = 0;
			defaultConfigurationName = Release;
		};
		A3BDB9922B6C2B1300EE63B0 /* Build configuration list for PBXNativeTarget "SidePanel" */ = {
			isa = XCConfigurationList;
			buildConfigurations = (
				A3BDB9932B6C2B1300EE63B0 /* Debug */,
				A3BDB9942B6C2B1300EE63B0 /* Release */,
			);
			defaultConfigurationIsVisible = 0;
			defaultConfigurationName = Release;
		};
/* End XCConfigurationList section */
	};
	rootObject = A3BDB97C2B6C2B1200EE63B0 /* Project object */;
}
